// !$*UTF8*$!
{
	archiveVersion = 1;
	classes = {
	};
	objectVersion = 46;
	objects = {

/* Begin PBXBuildFile section */
		AC83220E1DD836A4007FDA75 /* Assets.xcassets in Resources */ = {isa = PBXBuildFile; fileRef = AC8321FD1DD836A4007FDA75 /* Assets.xcassets */; };
		AC83220F1DD836A4007FDA75 /* LaunchScreen.storyboard in Resources */ = {isa = PBXBuildFile; fileRef = AC8321FE1DD836A4007FDA75 /* LaunchScreen.storyboard */; };
		AC8322101DD836A4007FDA75 /* Main.storyboard in Resources */ = {isa = PBXBuildFile; fileRef = AC8322001DD836A4007FDA75 /* Main.storyboard */; };
		AC8322131DD836A4007FDA75 /* Info.plist in Resources */ = {isa = PBXBuildFile; fileRef = AC83220C1DD836A4007FDA75 /* Info.plist */; };
		AC8322141DD836A4007FDA75 /* main.m in Sources */ = {isa = PBXBuildFile; fileRef = AC83220D1DD836A4007FDA75 /* main.m */; };
		AC8D4D041DD837570016404C /* FVAppDelegate.m in Sources */ = {isa = PBXBuildFile; fileRef = AC8D4D031DD837570016404C /* FVAppDelegate.m */; };
		AC8D4D071DD837FB0016404C /* FVViewController.m in Sources */ = {isa = PBXBuildFile; fileRef = AC8D4D061DD837FB0016404C /* FVViewController.m */; };
		AC8D4D1C1DD83B5F0016404C /* FVSeatItem.m in Sources */ = {isa = PBXBuildFile; fileRef = AC8D4D171DD83B5F0016404C /* FVSeatItem.m */; };
		AC8D4D1D1DD83B5F0016404C /* FVSeatsPicker.m in Sources */ = {isa = PBXBuildFile; fileRef = AC8D4D191DD83B5F0016404C /* FVSeatsPicker.m */; };
		AC8D4D1E1DD83B5F0016404C /* FVSeatsPickerIndexView.m in Sources */ = {isa = PBXBuildFile; fileRef = AC8D4D1B1DD83B5F0016404C /* FVSeatsPickerIndexView.m */; };
		AC8D4D211DD83C840016404C /* districtOne.plist in Resources */ = {isa = PBXBuildFile; fileRef = AC8D4D1F1DD83C840016404C /* districtOne.plist */; };
		AC8D4D221DD83C840016404C /* districtTwo.plist in Resources */ = {isa = PBXBuildFile; fileRef = AC8D4D201DD83C840016404C /* districtTwo.plist */; };
		AC8D4D251DD84AE70016404C /* FVSeatsViewController.m in Sources */ = {isa = PBXBuildFile; fileRef = AC8D4D241DD84AE70016404C /* FVSeatsViewController.m */; };
		AC8D4D281DD8561B0016404C /* NSDictionary+FVExtension.m in Sources */ = {isa = PBXBuildFile; fileRef = AC8D4D271DD8561B0016404C /* NSDictionary+FVExtension.m */; };
		AC8D4D2B1DD85AC50016404C /* FVSeatsTitleView.m in Sources */ = {isa = PBXBuildFile; fileRef = AC8D4D2A1DD85AC50016404C /* FVSeatsTitleView.m */; };
		AC8D4D2D1DD85BCE0016404C /* FVSeatsTitleView.xib in Resources */ = {isa = PBXBuildFile; fileRef = AC8D4D2C1DD85BCE0016404C /* FVSeatsTitleView.xib */; };
		AC8D4D301DD85E720016404C /* UIColor+FVExtension.m in Sources */ = {isa = PBXBuildFile; fileRef = AC8D4D2F1DD85E720016404C /* UIColor+FVExtension.m */; };
		AC8D4D321DD864C70016404C /* FVSeatsPicker.bundle in Resources */ = {isa = PBXBuildFile; fileRef = AC8D4D311DD864C70016404C /* FVSeatsPicker.bundle */; };
		ACCEE4321DD8F3AD0034A683 /* FVSeatsPickerTests.m in Sources */ = {isa = PBXBuildFile; fileRef = ACCEE4311DD8F3AD0034A683 /* FVSeatsPickerTests.m */; };
/* End PBXBuildFile section */

/* Begin PBXContainerItemProxy section */
		ACCEE4341DD8F3AD0034A683 /* PBXContainerItemProxy */ = {
			isa = PBXContainerItemProxy;
			containerPortal = AC8321C61DD835CC007FDA75 /* Project object */;
			proxyType = 1;
			remoteGlobalIDString = AC8321CD1DD835CC007FDA75;
			remoteInfo = FVSeatsPicker;
		};
/* End PBXContainerItemProxy section */

/* Begin PBXFileReference section */
		AC8321CE1DD835CC007FDA75 /* FVSeatsPicker.app */ = {isa = PBXFileReference; explicitFileType = wrapper.application; includeInIndex = 0; path = FVSeatsPicker.app; sourceTree = BUILT_PRODUCTS_DIR; };
		AC8321FD1DD836A4007FDA75 /* Assets.xcassets */ = {isa = PBXFileReference; lastKnownFileType = folder.assetcatalog; path = Assets.xcassets; sourceTree = "<group>"; };
		AC8321FF1DD836A4007FDA75 /* Base */ = {isa = PBXFileReference; lastKnownFileType = file.storyboard; name = Base; path = Base.lproj/LaunchScreen.storyboard; sourceTree = "<group>"; };
		AC8322011DD836A4007FDA75 /* Base */ = {isa = PBXFileReference; lastKnownFileType = file.storyboard; name = Base; path = Base.lproj/Main.storyboard; sourceTree = "<group>"; };
		AC83220C1DD836A4007FDA75 /* Info.plist */ = {isa = PBXFileReference; fileEncoding = 4; lastKnownFileType = text.plist.xml; path = Info.plist; sourceTree = "<group>"; };
		AC83220D1DD836A4007FDA75 /* main.m */ = {isa = PBXFileReference; fileEncoding = 4; lastKnownFileType = sourcecode.c.objc; path = main.m; sourceTree = "<group>"; };
		AC8D4D021DD837570016404C /* FVAppDelegate.h */ = {isa = PBXFileReference; fileEncoding = 4; lastKnownFileType = sourcecode.c.h; path = FVAppDelegate.h; sourceTree = "<group>"; };
		AC8D4D031DD837570016404C /* FVAppDelegate.m */ = {isa = PBXFileReference; fileEncoding = 4; lastKnownFileType = sourcecode.c.objc; path = FVAppDelegate.m; sourceTree = "<group>"; };
		AC8D4D051DD837FB0016404C /* FVViewController.h */ = {isa = PBXFileReference; fileEncoding = 4; lastKnownFileType = sourcecode.c.h; path = FVViewController.h; sourceTree = "<group>"; };
		AC8D4D061DD837FB0016404C /* FVViewController.m */ = {isa = PBXFileReference; fileEncoding = 4; lastKnownFileType = sourcecode.c.objc; path = FVViewController.m; sourceTree = "<group>"; };
		AC8D4D161DD83B5F0016404C /* FVSeatItem.h */ = {isa = PBXFileReference; fileEncoding = 4; lastKnownFileType = sourcecode.c.h; path = FVSeatItem.h; sourceTree = "<group>"; };
		AC8D4D171DD83B5F0016404C /* FVSeatItem.m */ = {isa = PBXFileReference; fileEncoding = 4; lastKnownFileType = sourcecode.c.objc; path = FVSeatItem.m; sourceTree = "<group>"; };
		AC8D4D181DD83B5F0016404C /* FVSeatsPicker.h */ = {isa = PBXFileReference; fileEncoding = 4; lastKnownFileType = sourcecode.c.h; path = FVSeatsPicker.h; sourceTree = "<group>"; };
		AC8D4D191DD83B5F0016404C /* FVSeatsPicker.m */ = {isa = PBXFileReference; fileEncoding = 4; lastKnownFileType = sourcecode.c.objc; path = FVSeatsPicker.m; sourceTree = "<group>"; };
		AC8D4D1A1DD83B5F0016404C /* FVSeatsPickerIndexView.h */ = {isa = PBXFileReference; fileEncoding = 4; lastKnownFileType = sourcecode.c.h; path = FVSeatsPickerIndexView.h; sourceTree = "<group>"; };
		AC8D4D1B1DD83B5F0016404C /* FVSeatsPickerIndexView.m */ = {isa = PBXFileReference; fileEncoding = 4; lastKnownFileType = sourcecode.c.objc; path = FVSeatsPickerIndexView.m; sourceTree = "<group>"; };
		AC8D4D1F1DD83C840016404C /* districtOne.plist */ = {isa = PBXFileReference; fileEncoding = 4; lastKnownFileType = text.plist.xml; path = districtOne.plist; sourceTree = "<group>"; };
		AC8D4D201DD83C840016404C /* districtTwo.plist */ = {isa = PBXFileReference; fileEncoding = 4; lastKnownFileType = text.plist.xml; path = districtTwo.plist; sourceTree = "<group>"; };
		AC8D4D231DD84AE70016404C /* FVSeatsViewController.h */ = {isa = PBXFileReference; fileEncoding = 4; lastKnownFileType = sourcecode.c.h; path = FVSeatsViewController.h; sourceTree = "<group>"; };
		AC8D4D241DD84AE70016404C /* FVSeatsViewController.m */ = {isa = PBXFileReference; fileEncoding = 4; lastKnownFileType = sourcecode.c.objc; path = FVSeatsViewController.m; sourceTree = "<group>"; };
		AC8D4D261DD8561B0016404C /* NSDictionary+FVExtension.h */ = {isa = PBXFileReference; fileEncoding = 4; lastKnownFileType = sourcecode.c.h; path = "NSDictionary+FVExtension.h"; sourceTree = "<group>"; };
		AC8D4D271DD8561B0016404C /* NSDictionary+FVExtension.m */ = {isa = PBXFileReference; fileEncoding = 4; lastKnownFileType = sourcecode.c.objc; path = "NSDictionary+FVExtension.m"; sourceTree = "<group>"; };
		AC8D4D291DD85AC50016404C /* FVSeatsTitleView.h */ = {isa = PBXFileReference; fileEncoding = 4; lastKnownFileType = sourcecode.c.h; path = FVSeatsTitleView.h; sourceTree = "<group>"; };
		AC8D4D2A1DD85AC50016404C /* FVSeatsTitleView.m */ = {isa = PBXFileReference; fileEncoding = 4; lastKnownFileType = sourcecode.c.objc; path = FVSeatsTitleView.m; sourceTree = "<group>"; };
		AC8D4D2C1DD85BCE0016404C /* FVSeatsTitleView.xib */ = {isa = PBXFileReference; fileEncoding = 4; lastKnownFileType = file.xib; path = FVSeatsTitleView.xib; sourceTree = "<group>"; };
		AC8D4D2E1DD85E720016404C /* UIColor+FVExtension.h */ = {isa = PBXFileReference; fileEncoding = 4; lastKnownFileType = sourcecode.c.h; path = "UIColor+FVExtension.h"; sourceTree = "<group>"; };
		AC8D4D2F1DD85E720016404C /* UIColor+FVExtension.m */ = {isa = PBXFileReference; fileEncoding = 4; lastKnownFileType = sourcecode.c.objc; path = "UIColor+FVExtension.m"; sourceTree = "<group>"; };
		AC8D4D311DD864C70016404C /* FVSeatsPicker.bundle */ = {isa = PBXFileReference; lastKnownFileType = "wrapper.plug-in"; path = FVSeatsPicker.bundle; sourceTree = "<group>"; };
		ACCEE42F1DD8F3AD0034A683 /* FVSeatsPickerTests.xctest */ = {isa = PBXFileReference; explicitFileType = wrapper.cfbundle; includeInIndex = 0; path = FVSeatsPickerTests.xctest; sourceTree = BUILT_PRODUCTS_DIR; };
		ACCEE4311DD8F3AD0034A683 /* FVSeatsPickerTests.m */ = {isa = PBXFileReference; lastKnownFileType = sourcecode.c.objc; path = FVSeatsPickerTests.m; sourceTree = "<group>"; };
		ACCEE4331DD8F3AD0034A683 /* Info.plist */ = {isa = PBXFileReference; lastKnownFileType = text.plist.xml; path = Info.plist; sourceTree = "<group>"; };
/* End PBXFileReference section */

/* Begin PBXFrameworksBuildPhase section */
		AC8321CB1DD835CC007FDA75 /* Frameworks */ = {
			isa = PBXFrameworksBuildPhase;
			buildActionMask = 2147483647;
			files = (
			);
			runOnlyForDeploymentPostprocessing = 0;
		};
		ACCEE42C1DD8F3AD0034A683 /* Frameworks */ = {
			isa = PBXFrameworksBuildPhase;
			buildActionMask = 2147483647;
			files = (
			);
			runOnlyForDeploymentPostprocessing = 0;
		};
/* End PBXFrameworksBuildPhase section */

/* Begin PBXGroup section */
		AC8321C51DD835CC007FDA75 = {
			isa = PBXGroup;
			children = (
				AC8D4D151DD83B5F0016404C /* FVSeatsPicker */,
				AC8321FC1DD836A4007FDA75 /* FVSeatsPickerDemo */,
				ACCEE4301DD8F3AD0034A683 /* FVSeatsPickerTests */,
				AC8321CF1DD835CC007FDA75 /* Products */,
			);
			sourceTree = "<group>";
		};
		AC8321CF1DD835CC007FDA75 /* Products */ = {
			isa = PBXGroup;
			children = (
				AC8321CE1DD835CC007FDA75 /* FVSeatsPicker.app */,
				ACCEE42F1DD8F3AD0034A683 /* FVSeatsPickerTests.xctest */,
			);
			name = Products;
			sourceTree = "<group>";
		};
		AC8321FC1DD836A4007FDA75 /* FVSeatsPickerDemo */ = {
			isa = PBXGroup;
			children = (
				AC8322021DD836A4007FDA75 /* Classes */,
				AC8322151DD836AF007FDA75 /* Supporting Files */,
			);
			path = FVSeatsPickerDemo;
			sourceTree = "<group>";
		};
		AC8322021DD836A4007FDA75 /* Classes */ = {
			isa = PBXGroup;
			children = (
				AC8322031DD836A4007FDA75 /* Category */,
				AC8322041DD836A4007FDA75 /* Controller */,
				AC8322081DD836A4007FDA75 /* Others */,
				AC83220B1DD836A4007FDA75 /* View */,
			);
			path = Classes;
			sourceTree = "<group>";
		};
		AC8322031DD836A4007FDA75 /* Category */ = {
			isa = PBXGroup;
			children = (
				AC8D4D261DD8561B0016404C /* NSDictionary+FVExtension.h */,
				AC8D4D271DD8561B0016404C /* NSDictionary+FVExtension.m */,
				AC8D4D2E1DD85E720016404C /* UIColor+FVExtension.h */,
				AC8D4D2F1DD85E720016404C /* UIColor+FVExtension.m */,
			);
			path = Category;
			sourceTree = "<group>";
		};
		AC8322041DD836A4007FDA75 /* Controller */ = {
			isa = PBXGroup;
			children = (
				AC8D4D051DD837FB0016404C /* FVViewController.h */,
				AC8D4D061DD837FB0016404C /* FVViewController.m */,
				AC8D4D231DD84AE70016404C /* FVSeatsViewController.h */,
				AC8D4D241DD84AE70016404C /* FVSeatsViewController.m */,
			);
			path = Controller;
			sourceTree = "<group>";
		};
		AC8322081DD836A4007FDA75 /* Others */ = {
			isa = PBXGroup;
			children = (
				AC8D4D021DD837570016404C /* FVAppDelegate.h */,
				AC8D4D031DD837570016404C /* FVAppDelegate.m */,
			);
			path = Others;
			sourceTree = "<group>";
		};
		AC83220B1DD836A4007FDA75 /* View */ = {
			isa = PBXGroup;
			children = (
				AC8D4D291DD85AC50016404C /* FVSeatsTitleView.h */,
				AC8D4D2A1DD85AC50016404C /* FVSeatsTitleView.m */,
				AC8D4D2C1DD85BCE0016404C /* FVSeatsTitleView.xib */,
			);
			path = View;
			sourceTree = "<group>";
		};
		AC8322151DD836AF007FDA75 /* Supporting Files */ = {
			isa = PBXGroup;
			children = (
				AC8D4D1F1DD83C840016404C /* districtOne.plist */,
				AC8D4D201DD83C840016404C /* districtTwo.plist */,
				AC8321FD1DD836A4007FDA75 /* Assets.xcassets */,
				AC8321FE1DD836A4007FDA75 /* LaunchScreen.storyboard */,
				AC8322001DD836A4007FDA75 /* Main.storyboard */,
				AC83220C1DD836A4007FDA75 /* Info.plist */,
				AC83220D1DD836A4007FDA75 /* main.m */,
			);
			name = "Supporting Files";
			sourceTree = "<group>";
		};
		AC8D4D151DD83B5F0016404C /* FVSeatsPicker */ = {
			isa = PBXGroup;
			children = (
				AC8D4D311DD864C70016404C /* FVSeatsPicker.bundle */,
				AC8D4D161DD83B5F0016404C /* FVSeatItem.h */,
				AC8D4D171DD83B5F0016404C /* FVSeatItem.m */,
				AC8D4D181DD83B5F0016404C /* FVSeatsPicker.h */,
				AC8D4D191DD83B5F0016404C /* FVSeatsPicker.m */,
				AC8D4D1A1DD83B5F0016404C /* FVSeatsPickerIndexView.h */,
				AC8D4D1B1DD83B5F0016404C /* FVSeatsPickerIndexView.m */,
			);
			path = FVSeatsPicker;
			sourceTree = "<group>";
		};
		ACCEE4301DD8F3AD0034A683 /* FVSeatsPickerTests */ = {
			isa = PBXGroup;
			children = (
				ACCEE4311DD8F3AD0034A683 /* FVSeatsPickerTests.m */,
				ACCEE4331DD8F3AD0034A683 /* Info.plist */,
			);
			path = FVSeatsPickerTests;
			sourceTree = "<group>";
		};
/* End PBXGroup section */

/* Begin PBXNativeTarget section */
		AC8321CD1DD835CC007FDA75 /* FVSeatsPicker */ = {
			isa = PBXNativeTarget;
			buildConfigurationList = AC8321E51DD835CC007FDA75 /* Build configuration list for PBXNativeTarget "FVSeatsPicker" */;
			buildPhases = (
				AC8321CA1DD835CC007FDA75 /* Sources */,
				AC8321CB1DD835CC007FDA75 /* Frameworks */,
				AC8321CC1DD835CC007FDA75 /* Resources */,
			);
			buildRules = (
			);
			dependencies = (
			);
			name = FVSeatsPicker;
			productName = FVSeatsPicker;
			productReference = AC8321CE1DD835CC007FDA75 /* FVSeatsPicker.app */;
			productType = "com.apple.product-type.application";
		};
		ACCEE42E1DD8F3AD0034A683 /* FVSeatsPickerTests */ = {
			isa = PBXNativeTarget;
			buildConfigurationList = ACCEE4381DD8F3AD0034A683 /* Build configuration list for PBXNativeTarget "FVSeatsPickerTests" */;
			buildPhases = (
				ACCEE42B1DD8F3AD0034A683 /* Sources */,
				ACCEE42C1DD8F3AD0034A683 /* Frameworks */,
				ACCEE42D1DD8F3AD0034A683 /* Resources */,
			);
			buildRules = (
			);
			dependencies = (
				ACCEE4351DD8F3AD0034A683 /* PBXTargetDependency */,
			);
			name = FVSeatsPickerTests;
			productName = FVSeatsPickerTests;
			productReference = ACCEE42F1DD8F3AD0034A683 /* FVSeatsPickerTests.xctest */;
			productType = "com.apple.product-type.bundle.unit-test";
		};
/* End PBXNativeTarget section */

/* Begin PBXProject section */
		AC8321C61DD835CC007FDA75 /* Project object */ = {
			isa = PBXProject;
			attributes = {
				LastUpgradeCheck = 0810;
				ORGANIZATIONNAME = iforvert;
				TargetAttributes = {
					AC8321CD1DD835CC007FDA75 = {
						CreatedOnToolsVersion = 8.1;
						DevelopmentTeam = MBTTHTUMW2;
						ProvisioningStyle = Automatic;
					};
					ACCEE42E1DD8F3AD0034A683 = {
						CreatedOnToolsVersion = 8.1;
						DevelopmentTeam = MBTTHTUMW2;
						ProvisioningStyle = Automatic;
						TestTargetID = AC8321CD1DD835CC007FDA75;
					};
				};
			};
			buildConfigurationList = AC8321C91DD835CC007FDA75 /* Build configuration list for PBXProject "FVSeatsPicker" */;
			compatibilityVersion = "Xcode 3.2";
			developmentRegion = English;
			hasScannedForEncodings = 0;
			knownRegions = (
				en,
				Base,
			);
			mainGroup = AC8321C51DD835CC007FDA75;
			productRefGroup = AC8321CF1DD835CC007FDA75 /* Products */;
			projectDirPath = "";
			projectRoot = "";
			targets = (
				AC8321CD1DD835CC007FDA75 /* FVSeatsPicker */,
				ACCEE42E1DD8F3AD0034A683 /* FVSeatsPickerTests */,
			);
		};
/* End PBXProject section */

/* Begin PBXResourcesBuildPhase section */
		AC8321CC1DD835CC007FDA75 /* Resources */ = {
			isa = PBXResourcesBuildPhase;
			buildActionMask = 2147483647;
			files = (
				AC8322131DD836A4007FDA75 /* Info.plist in Resources */,
				AC8D4D221DD83C840016404C /* districtTwo.plist in Resources */,
				AC8322101DD836A4007FDA75 /* Main.storyboard in Resources */,
				AC83220E1DD836A4007FDA75 /* Assets.xcassets in Resources */,
				AC8D4D2D1DD85BCE0016404C /* FVSeatsTitleView.xib in Resources */,
				AC83220F1DD836A4007FDA75 /* LaunchScreen.storyboard in Resources */,
				AC8D4D321DD864C70016404C /* FVSeatsPicker.bundle in Resources */,
				AC8D4D211DD83C840016404C /* districtOne.plist in Resources */,
			);
			runOnlyForDeploymentPostprocessing = 0;
		};
		ACCEE42D1DD8F3AD0034A683 /* Resources */ = {
			isa = PBXResourcesBuildPhase;
			buildActionMask = 2147483647;
			files = (
			);
			runOnlyForDeploymentPostprocessing = 0;
		};
/* End PBXResourcesBuildPhase section */

/* Begin PBXSourcesBuildPhase section */
		AC8321CA1DD835CC007FDA75 /* Sources */ = {
			isa = PBXSourcesBuildPhase;
			buildActionMask = 2147483647;
			files = (
				AC8D4D281DD8561B0016404C /* NSDictionary+FVExtension.m in Sources */,
				AC8D4D1E1DD83B5F0016404C /* FVSeatsPickerIndexView.m in Sources */,
				AC8D4D1D1DD83B5F0016404C /* FVSeatsPicker.m in Sources */,
				AC8D4D071DD837FB0016404C /* FVViewController.m in Sources */,
				AC8322141DD836A4007FDA75 /* main.m in Sources */,
				AC8D4D251DD84AE70016404C /* FVSeatsViewController.m in Sources */,
				AC8D4D041DD837570016404C /* FVAppDelegate.m in Sources */,
				AC8D4D1C1DD83B5F0016404C /* FVSeatItem.m in Sources */,
				AC8D4D2B1DD85AC50016404C /* FVSeatsTitleView.m in Sources */,
				AC8D4D301DD85E720016404C /* UIColor+FVExtension.m in Sources */,
			);
			runOnlyForDeploymentPostprocessing = 0;
		};
		ACCEE42B1DD8F3AD0034A683 /* Sources */ = {
			isa = PBXSourcesBuildPhase;
			buildActionMask = 2147483647;
			files = (
				ACCEE4321DD8F3AD0034A683 /* FVSeatsPickerTests.m in Sources */,
			);
			runOnlyForDeploymentPostprocessing = 0;
		};
/* End PBXSourcesBuildPhase section */

/* Begin PBXTargetDependency section */
		ACCEE4351DD8F3AD0034A683 /* PBXTargetDependency */ = {
			isa = PBXTargetDependency;
			target = AC8321CD1DD835CC007FDA75 /* FVSeatsPicker */;
			targetProxy = ACCEE4341DD8F3AD0034A683 /* PBXContainerItemProxy */;
		};
/* End PBXTargetDependency section */

/* Begin PBXVariantGroup section */
		AC8321FE1DD836A4007FDA75 /* LaunchScreen.storyboard */ = {
			isa = PBXVariantGroup;
			children = (
				AC8321FF1DD836A4007FDA75 /* Base */,
			);
			name = LaunchScreen.storyboard;
			sourceTree = "<group>";
		};
		AC8322001DD836A4007FDA75 /* Main.storyboard */ = {
			isa = PBXVariantGroup;
			children = (
				AC8322011DD836A4007FDA75 /* Base */,
			);
			name = Main.storyboard;
			sourceTree = "<group>";
		};
/* End PBXVariantGroup section */

/* Begin XCBuildConfiguration section */
		AC8321E31DD835CC007FDA75 /* Debug */ = {
			isa = XCBuildConfiguration;
			buildSettings = {
				ALWAYS_SEARCH_USER_PATHS = NO;
				CLANG_ANALYZER_NONNULL = YES;
				CLANG_CXX_LANGUAGE_STANDARD = "gnu++0x";
				CLANG_CXX_LIBRARY = "libc++";
				CLANG_ENABLE_MODULES = YES;
				CLANG_ENABLE_OBJC_ARC = YES;
				CLANG_WARN_BOOL_CONVERSION = YES;
				CLANG_WARN_CONSTANT_CONVERSION = YES;
				CLANG_WARN_DIRECT_OBJC_ISA_USAGE = YES_ERROR;
				CLANG_WARN_DOCUMENTATION_COMMENTS = YES;
				CLANG_WARN_EMPTY_BODY = YES;
				CLANG_WARN_ENUM_CONVERSION = YES;
				CLANG_WARN_INFINITE_RECURSION = YES;
				CLANG_WARN_INT_CONVERSION = YES;
				CLANG_WARN_OBJC_ROOT_CLASS = YES_ERROR;
				CLANG_WARN_SUSPICIOUS_MOVES = YES;
				CLANG_WARN_UNREACHABLE_CODE = YES;
				CLANG_WARN__DUPLICATE_METHOD_MATCH = YES;
				"CODE_SIGN_IDENTITY[sdk=iphoneos*]" = "iPhone Developer";
				COPY_PHASE_STRIP = NO;
				DEBUG_INFORMATION_FORMAT = dwarf;
				ENABLE_STRICT_OBJC_MSGSEND = YES;
				ENABLE_TESTABILITY = YES;
				GCC_C_LANGUAGE_STANDARD = gnu99;
				GCC_DYNAMIC_NO_PIC = NO;
				GCC_NO_COMMON_BLOCKS = YES;
				GCC_OPTIMIZATION_LEVEL = 0;
				GCC_PREPROCESSOR_DEFINITIONS = (
					"DEBUG=1",
					"$(inherited)",
				);
				GCC_WARN_64_TO_32_BIT_CONVERSION = YES;
				GCC_WARN_ABOUT_RETURN_TYPE = YES_ERROR;
				GCC_WARN_UNDECLARED_SELECTOR = YES;
				GCC_WARN_UNINITIALIZED_AUTOS = YES_AGGRESSIVE;
				GCC_WARN_UNUSED_FUNCTION = YES;
				GCC_WARN_UNUSED_VARIABLE = YES;
				IPHONEOS_DEPLOYMENT_TARGET = 8.0;
				MTL_ENABLE_DEBUG_INFO = YES;
				ONLY_ACTIVE_ARCH = YES;
				SDKROOT = iphoneos;
				TARGETED_DEVICE_FAMILY = "1,2";
			};
			name = Debug;
		};
		AC8321E41DD835CC007FDA75 /* Release */ = {
			isa = XCBuildConfiguration;
			buildSettings = {
				ALWAYS_SEARCH_USER_PATHS = NO;
				CLANG_ANALYZER_NONNULL = YES;
				CLANG_CXX_LANGUAGE_STANDARD = "gnu++0x";
				CLANG_CXX_LIBRARY = "libc++";
				CLANG_ENABLE_MODULES = YES;
				CLANG_ENABLE_OBJC_ARC = YES;
				CLANG_WARN_BOOL_CONVERSION = YES;
				CLANG_WARN_CONSTANT_CONVERSION = YES;
				CLANG_WARN_DIRECT_OBJC_ISA_USAGE = YES_ERROR;
				CLANG_WARN_DOCUMENTATION_COMMENTS = YES;
				CLANG_WARN_EMPTY_BODY = YES;
				CLANG_WARN_ENUM_CONVERSION = YES;
				CLANG_WARN_INFINITE_RECURSION = YES;
				CLANG_WARN_INT_CONVERSION = YES;
				CLANG_WARN_OBJC_ROOT_CLASS = YES_ERROR;
				CLANG_WARN_SUSPICIOUS_MOVES = YES;
				CLANG_WARN_UNREACHABLE_CODE = YES;
				CLANG_WARN__DUPLICATE_METHOD_MATCH = YES;
				"CODE_SIGN_IDENTITY[sdk=iphoneos*]" = "iPhone Developer";
				COPY_PHASE_STRIP = NO;
				DEBUG_INFORMATION_FORMAT = "dwarf-with-dsym";
				ENABLE_NS_ASSERTIONS = NO;
				ENABLE_STRICT_OBJC_MSGSEND = YES;
				GCC_C_LANGUAGE_STANDARD = gnu99;
				GCC_NO_COMMON_BLOCKS = YES;
				GCC_WARN_64_TO_32_BIT_CONVERSION = YES;
				GCC_WARN_ABOUT_RETURN_TYPE = YES_ERROR;
				GCC_WARN_UNDECLARED_SELECTOR = YES;
				GCC_WARN_UNINITIALIZED_AUTOS = YES_AGGRESSIVE;
				GCC_WARN_UNUSED_FUNCTION = YES;
				GCC_WARN_UNUSED_VARIABLE = YES;
				IPHONEOS_DEPLOYMENT_TARGET = 8.0;
				MTL_ENABLE_DEBUG_INFO = NO;
				SDKROOT = iphoneos;
				TARGETED_DEVICE_FAMILY = "1,2";
				VALIDATE_PRODUCT = YES;
			};
			name = Release;
		};
		AC8321E61DD835CC007FDA75 /* Debug */ = {
			isa = XCBuildConfiguration;
			buildSettings = {
				ASSETCATALOG_COMPILER_APPICON_NAME = AppIcon;
				DEVELOPMENT_TEAM = MBTTHTUMW2;
				INFOPLIST_FILE = FVSeatsPickerDemo/Info.plist;
				IPHONEOS_DEPLOYMENT_TARGET = 8.0;
				LD_RUNPATH_SEARCH_PATHS = "$(inherited) @executable_path/Frameworks";
				PRODUCT_BUNDLE_IDENTIFIER = com.iforvert.FVSeatsPicker;
				PRODUCT_NAME = "$(TARGET_NAME)";
			};
			name = Debug;
		};
		AC8321E71DD835CC007FDA75 /* Release */ = {
			isa = XCBuildConfiguration;
			buildSettings = {
				ASSETCATALOG_COMPILER_APPICON_NAME = AppIcon;
				DEVELOPMENT_TEAM = MBTTHTUMW2;
				INFOPLIST_FILE = FVSeatsPickerDemo/Info.plist;
				IPHONEOS_DEPLOYMENT_TARGET = 8.0;
				LD_RUNPATH_SEARCH_PATHS = "$(inherited) @executable_path/Frameworks";
				PRODUCT_BUNDLE_IDENTIFIER = com.iforvert.FVSeatsPicker;
				PRODUCT_NAME = "$(TARGET_NAME)";
			};
			name = Release;
		};
		ACCEE4361DD8F3AD0034A683 /* Debug */ = {
			isa = XCBuildConfiguration;
			buildSettings = {
				BUNDLE_LOADER = "$(TEST_HOST)";
				DEVELOPMENT_TEAM = MBTTHTUMW2;
				INFOPLIST_FILE = FVSeatsPickerTests/Info.plist;
				LD_RUNPATH_SEARCH_PATHS = "$(inherited) @executable_path/Frameworks @loader_path/Frameworks";
				PRODUCT_BUNDLE_IDENTIFIER = com.iforvert.FVSeatsPickerTests;
				PRODUCT_NAME = "$(TARGET_NAME)";
				TEST_HOST = "$(BUILT_PRODUCTS_DIR)/FVSeatsPicker.app/FVSeatsPicker";
			};
			name = Debug;
		};
		ACCEE4371DD8F3AD0034A683 /* Release */ = {
			isa = XCBuildConfiguration;
			buildSettings = {
				BUNDLE_LOADER = "$(TEST_HOST)";
				DEVELOPMENT_TEAM = MBTTHTUMW2;
				INFOPLIST_FILE = FVSeatsPickerTests/Info.plist;
				LD_RUNPATH_SEARCH_PATHS = "$(inherited) @executable_path/Frameworks @loader_path/Frameworks";
				PRODUCT_BUNDLE_IDENTIFIER = com.iforvert.FVSeatsPickerTests;
				PRODUCT_NAME = "$(TARGET_NAME)";
				TEST_HOST = "$(BUILT_PRODUCTS_DIR)/FVSeatsPicker.app/FVSeatsPicker";
			};
			name = Release;
		};
/* End XCBuildConfiguration section */

/* Begin XCConfigurationList section */
		AC8321C91DD835CC007FDA75 /* Build configuration list for PBXProject "FVSeatsPicker" */ = {
			isa = XCConfigurationList;
			buildConfigurations = (
				AC8321E31DD835CC007FDA75 /* Debug */,
				AC8321E41DD835CC007FDA75 /* Release */,
			);
			defaultConfigurationIsVisible = 0;
			defaultConfigurationName = Release;
		};
		AC8321E51DD835CC007FDA75 /* Build configuration list for PBXNativeTarget "FVSeatsPicker" */ = {
			isa = XCConfigurationList;
			buildConfigurations = (
				AC8321E61DD835CC007FDA75 /* Debug */,
				AC8321E71DD835CC007FDA75 /* Release */,
			);
			defaultConfigurationIsVisible = 0;
			defaultConfigurationName = Release;
		};
		ACCEE4381DD8F3AD0034A683 /* Build configuration list for PBXNativeTarget "FVSeatsPickerTests" */ = {
			isa = XCConfigurationList;
			buildConfigurations = (
				ACCEE4361DD8F3AD0034A683 /* Debug */,
				ACCEE4371DD8F3AD0034A683 /* Release */,
			);
			defaultConfigurationIsVisible = 0;
			defaultConfigurationName = Release;
		};
/* End XCConfigurationList section */
	};
	rootObject = AC8321C61DD835CC007FDA75 /* Project object */;
}
